
Microsoft Visual Studio Solution File, Format Version 12.00
# Visual Studio Version 17
VisualStudioVersion = 17.1.32210.238
MinimumVisualStudioVersion = 10.0.40219.1
Project("{FAE04EC0-301F-11D3-BF4B-00C04F79EFBC}") = "2_Matrix", "2_Matrix.csproj", "{4A549C63-EAB6-4D38-AF75-36FFF2467D26}"
EndProject
Global
	GlobalSection(SolutionConfigurationPlatforms) = preSolution
		Debug|Any CPU = Debug|Any CPU
		Release|Any CPU = Release|Any CPU
	EndGlobalSection
	GlobalSection(ProjectConfigurationPlatforms) = postSolution
		{4A549C63-EAB6-4D38-AF75-36FFF2467D26}.Debug|Any CPU.ActiveCfg = Debug|Any CPU
		{4A549C63-EAB6-4D38-AF75-36FFF2467D26}.Debug|Any CPU.Build.0 = Debug|Any CPU
		{4A549C63-EAB6-4D38-AF75-36FFF2467D26}.Release|Any CPU.ActiveCfg = Release|Any CPU
		{4A549C63-EAB6-4D38-AF75-36FFF2467D26}.Release|Any CPU.Build.0 = Release|Any CPU
	EndGlobalSection
	GlobalSection(SolutionProperties) = preSolution
		HideSolutionNode = FALSE
	EndGlobalSection
	GlobalSection(ExtensibilityGlobals) = postSolution
		SolutionGuid = {D590423F-D97A-443F-9ED8-18244EC12519}
	EndGlobalSection
EndGlobal
